
Microsoft Visual Studio Solution File, Format Version 12.00
# Visual Studio Version 16
VisualStudioVersion = 16.0.32126.315
MinimumVisualStudioVersion = 10.0.40219.1
Project("{FAE04EC0-301F-11D3-BF4B-00C04F79EFBC}") = "MVCgithugDemoApp", "MVCgithugDemoApp\MVCgithugDemoApp.csproj", "{931718FB-350D-4A66-8B8C-DA2C16DA3460}"
EndProject
Global
	GlobalSection(SolutionConfigurationPlatforms) = preSolution
		Debug|Any CPU = Debug|Any CPU
		Release|Any CPU = Release|Any CPU
	EndGlobalSection
	GlobalSection(ProjectConfigurationPlatforms) = postSolution
		{931718FB-350D-4A66-8B8C-DA2C16DA3460}.Debug|Any CPU.ActiveCfg = Debug|Any CPU
		{931718FB-350D-4A66-8B8C-DA2C16DA3460}.Debug|Any CPU.Build.0 = Debug|Any CPU
		{931718FB-350D-4A66-8B8C-DA2C16DA3460}.Release|Any CPU.ActiveCfg = Release|Any CPU
		{931718FB-350D-4A66-8B8C-DA2C16DA3460}.Release|Any CPU.Build.0 = Release|Any CPU
	EndGlobalSection
	GlobalSection(SolutionProperties) = preSolution
		HideSolutionNode = FALSE
	EndGlobalSection
	GlobalSection(ExtensibilityGlobals) = postSolution
		SolutionGuid = {6B5EA7E0-F981-4D87-898F-B2C71E920291}
	EndGlobalSection
EndGlobal
